
Microsoft Visual Studio Solution File, Format Version 12.00
# Visual Studio Version 17
VisualStudioVersion = 17.4.33103.184
MinimumVisualStudioVersion = 10.0.40219.1
Project("{FAE04EC0-301F-11D3-BF4B-00C04F79EFBC}") = "TempConvert", "TempConvert.csproj", "{94558826-4403-4C4E-B0B7-0FC31BBCE326}"
EndProject
Project("{FAE04EC0-301F-11D3-BF4B-00C04F79EFBC}") = "ConversionTests", "..\ConversionTests\ConversionTests.csproj", "{EE57BA41-C251-450D-AA86-F2C6F55ED82C}"
EndProject
Global
	GlobalSection(SolutionConfigurationPlatforms) = preSolution
		Debug|Any CPU = Debug|Any CPU
		Release|Any CPU = Release|Any CPU
	EndGlobalSection
	GlobalSection(ProjectConfigurationPlatforms) = postSolution
		{94558826-4403-4C4E-B0B7-0FC31BBCE326}.Debug|Any CPU.ActiveCfg = Debug|Any CPU
		{94558826-4403-4C4E-B0B7-0FC31BBCE326}.Debug|Any CPU.Build.0 = Debug|Any CPU
		{94558826-4403-4C4E-B0B7-0FC31BBCE326}.Release|Any CPU.ActiveCfg = Release|Any CPU
		{94558826-4403-4C4E-B0B7-0FC31BBCE326}.Release|Any CPU.Build.0 = Release|Any CPU
		{EE57BA41-C251-450D-AA86-F2C6F55ED82C}.Debug|Any CPU.ActiveCfg = Debug|Any CPU
		{EE57BA41-C251-450D-AA86-F2C6F55ED82C}.Debug|Any CPU.Build.0 = Debug|Any CPU
		{EE57BA41-C251-450D-AA86-F2C6F55ED82C}.Release|Any CPU.ActiveCfg = Release|Any CPU
		{EE57BA41-C251-450D-AA86-F2C6F55ED82C}.Release|Any CPU.Build.0 = Release|Any CPU
	EndGlobalSection
	GlobalSection(SolutionProperties) = preSolution
		HideSolutionNode = FALSE
	EndGlobalSection
	GlobalSection(ExtensibilityGlobals) = postSolution
		SolutionGuid = {FBD7F6E2-A827-4FA5-8433-C4987E059FD3}
	EndGlobalSection
EndGlobal
